
Microsoft Visual Studio Solution File, Format Version 12.00
# Visual Studio Version 17
VisualStudioVersion = 17.4.33205.214
MinimumVisualStudioVersion = 10.0.40219.1
Project("{FAE04EC0-301F-11D3-BF4B-00C04F79EFBC}") = "AppManagerServer", "AppManagerServer.csproj", "{07033DD3-9F03-4940-9FF7-8A8F69DE2A1E}"
EndProject
Global
	GlobalSection(SolutionConfigurationPlatforms) = preSolution
		Debug|Any CPU = Debug|Any CPU
		Release|Any CPU = Release|Any CPU
	EndGlobalSection
	GlobalSection(ProjectConfigurationPlatforms) = postSolution
		{07033DD3-9F03-4940-9FF7-8A8F69DE2A1E}.Debug|Any CPU.ActiveCfg = Debug|Any CPU
		{07033DD3-9F03-4940-9FF7-8A8F69DE2A1E}.Debug|Any CPU.Build.0 = Debug|Any CPU
		{07033DD3-9F03-4940-9FF7-8A8F69DE2A1E}.Release|Any CPU.ActiveCfg = Release|Any CPU
		{07033DD3-9F03-4940-9FF7-8A8F69DE2A1E}.Release|Any CPU.Build.0 = Release|Any CPU
	EndGlobalSection
	GlobalSection(SolutionProperties) = preSolution
		HideSolutionNode = FALSE
	EndGlobalSection
	GlobalSection(ExtensibilityGlobals) = postSolution
		SolutionGuid = {E91C5264-2CC2-4F1F-B638-06524AD3C2D3}
	EndGlobalSection
EndGlobal
